
Microsoft Visual Studio Solution File, Format Version 12.00
# Visual Studio Version 16
VisualStudioVersion = 16.0.30804.86
MinimumVisualStudioVersion = 10.0.40219.1
Project("{9A19103F-16F7-4668-BE54-9A1E7A4F7556}") = "SaverAPI", "SaverAPI\SaverAPI.csproj", "{2D2C5B8C-55F1-4ADA-9F31-DE3B71E5A889}"
EndProject
Project("{FAE04EC0-301F-11D3-BF4B-00C04F79EFBC}") = "Saver.IntegrationTests", "Saver.IntegrationTests\Saver.IntegrationTests.csproj", "{F309AC7F-E2C9-45B2-BF4D-0F2BCA312338}"
EndProject
Project("{FAE04EC0-301F-11D3-BF4B-00C04F79EFBC}") = "SaverAPI.Sdk", "SaverAPI.Sdk\SaverAPI.Sdk.csproj", "{27DAD3B9-19A1-491A-98F7-F29841879246}"
EndProject
Project("{FAE04EC0-301F-11D3-BF4B-00C04F79EFBC}") = "SaverAPI.Sdk.Sample", "SaverAPI.Sdk.Sample\SaverAPI.Sdk.Sample.csproj", "{4FF13FB7-AD27-47E4-9B11-5B2123875E19}"
EndProject
Project("{FAE04EC0-301F-11D3-BF4B-00C04F79EFBC}") = "SaverAPI.Contracts", "SaverAPI.Contracts\SaverAPI.Contracts.csproj", "{257C946C-D10C-4687-8284-B597B744A1CF}"
EndProject
Global
	GlobalSection(SolutionConfigurationPlatforms) = preSolution
		Debug|Any CPU = Debug|Any CPU
		Release|Any CPU = Release|Any CPU
	EndGlobalSection
	GlobalSection(ProjectConfigurationPlatforms) = postSolution
		{2D2C5B8C-55F1-4ADA-9F31-DE3B71E5A889}.Debug|Any CPU.ActiveCfg = Debug|Any CPU
		{2D2C5B8C-55F1-4ADA-9F31-DE3B71E5A889}.Debug|Any CPU.Build.0 = Debug|Any CPU
		{2D2C5B8C-55F1-4ADA-9F31-DE3B71E5A889}.Release|Any CPU.ActiveCfg = Release|Any CPU
		{2D2C5B8C-55F1-4ADA-9F31-DE3B71E5A889}.Release|Any CPU.Build.0 = Release|Any CPU
		{F309AC7F-E2C9-45B2-BF4D-0F2BCA312338}.Debug|Any CPU.ActiveCfg = Debug|Any CPU
		{F309AC7F-E2C9-45B2-BF4D-0F2BCA312338}.Debug|Any CPU.Build.0 = Debug|Any CPU
		{F309AC7F-E2C9-45B2-BF4D-0F2BCA312338}.Release|Any CPU.ActiveCfg = Release|Any CPU
		{F309AC7F-E2C9-45B2-BF4D-0F2BCA312338}.Release|Any CPU.Build.0 = Release|Any CPU
		{27DAD3B9-19A1-491A-98F7-F29841879246}.Debug|Any CPU.ActiveCfg = Debug|Any CPU
		{27DAD3B9-19A1-491A-98F7-F29841879246}.Debug|Any CPU.Build.0 = Debug|Any CPU
		{27DAD3B9-19A1-491A-98F7-F29841879246}.Release|Any CPU.ActiveCfg = Release|Any CPU
		{27DAD3B9-19A1-491A-98F7-F29841879246}.Release|Any CPU.Build.0 = Release|Any CPU
		{4FF13FB7-AD27-47E4-9B11-5B2123875E19}.Debug|Any CPU.ActiveCfg = Debug|Any CPU
		{4FF13FB7-AD27-47E4-9B11-5B2123875E19}.Debug|Any CPU.Build.0 = Debug|Any CPU
		{4FF13FB7-AD27-47E4-9B11-5B2123875E19}.Release|Any CPU.ActiveCfg = Release|Any CPU
		{4FF13FB7-AD27-47E4-9B11-5B2123875E19}.Release|Any CPU.Build.0 = Release|Any CPU
		{257C946C-D10C-4687-8284-B597B744A1CF}.Debug|Any CPU.ActiveCfg = Debug|Any CPU
		{257C946C-D10C-4687-8284-B597B744A1CF}.Debug|Any CPU.Build.0 = Debug|Any CPU
		{257C946C-D10C-4687-8284-B597B744A1CF}.Release|Any CPU.ActiveCfg = Release|Any CPU
		{257C946C-D10C-4687-8284-B597B744A1CF}.Release|Any CPU.Build.0 = Release|Any CPU
	EndGlobalSection
	GlobalSection(SolutionProperties) = preSolution
		HideSolutionNode = FALSE
	EndGlobalSection
	GlobalSection(ExtensibilityGlobals) = postSolution
		SolutionGuid = {5D842644-EE17-4CEF-8D93-8874FA47B137}
	EndGlobalSection
EndGlobal
